
Microsoft Visual Studio Solution File, Format Version 12.00
# Visual Studio Version 17
VisualStudioVersion = 17.3.32929.385
MinimumVisualStudioVersion = 10.0.40219.1
Project("{FAE04EC0-301F-11D3-BF4B-00C04F79EFBC}") = "Forum", "Forum.csproj", "{1667027B-2545-4ADE-B005-DB474C7ADB99}"
EndProject
Global
	GlobalSection(SolutionConfigurationPlatforms) = preSolution
		Debug|Any CPU = Debug|Any CPU
		Release|Any CPU = Release|Any CPU
	EndGlobalSection
	GlobalSection(ProjectConfigurationPlatforms) = postSolution
		{1667027B-2545-4ADE-B005-DB474C7ADB99}.Debug|Any CPU.ActiveCfg = Debug|Any CPU
		{1667027B-2545-4ADE-B005-DB474C7ADB99}.Debug|Any CPU.Build.0 = Debug|Any CPU
		{1667027B-2545-4ADE-B005-DB474C7ADB99}.Release|Any CPU.ActiveCfg = Release|Any CPU
		{1667027B-2545-4ADE-B005-DB474C7ADB99}.Release|Any CPU.Build.0 = Release|Any CPU
	EndGlobalSection
	GlobalSection(SolutionProperties) = preSolution
		HideSolutionNode = FALSE
	EndGlobalSection
	GlobalSection(ExtensibilityGlobals) = postSolution
		SolutionGuid = {2246067A-9A03-4F9A-82B4-621410B7072F}
	EndGlobalSection
EndGlobal
